// !$*UTF8*$!
{
	archiveVersion = 1;
	classes = {
	};
	objectVersion = 50;
	objects = {

/* Begin PBXBuildFile section */
		7C179C9F2585764D00E08533 /* AppDelegate.swift in Sources */ = {isa = PBXBuildFile; fileRef = 7C179C9E2585764D00E08533 /* AppDelegate.swift */; };
		7C179CA12585764D00E08533 /* ContentView.swift in Sources */ = {isa = PBXBuildFile; fileRef = 7C179CA02585764D00E08533 /* ContentView.swift */; };
		7C179CA32585765100E08533 /* Assets.xcassets in Resources */ = {isa = PBXBuildFile; fileRef = 7C179CA22585765100E08533 /* Assets.xcassets */; };
		7C179CA62585765200E08533 /* Preview Assets.xcassets in Resources */ = {isa = PBXBuildFile; fileRef = 7C179CA52585765200E08533 /* Preview Assets.xcassets */; };
		7C179CA92585765200E08533 /* Main.storyboard in Resources */ = {isa = PBXBuildFile; fileRef = 7C179CA72585765200E08533 /* Main.storyboard */; };
		7C179CB12585773800E08533 /* TitleView.swift in Sources */ = {isa = PBXBuildFile; fileRef = 7CCEDECB2584960000C72CB4 /* TitleView.swift */; };
		7C179CB82585828900E08533 /* TestButton.swift in Sources */ = {isa = PBXBuildFile; fileRef = 7C179CB72585828900E08533 /* TestButton.swift */; };
		7C179CBB258582AD00E08533 /* TestButton.swift in Sources */ = {isa = PBXBuildFile; fileRef = 7C179CB72585828900E08533 /* TestButton.swift */; };
		7C8BD1EA2586D87B004B8FCB /* PaddingExamples.swift in Sources */ = {isa = PBXBuildFile; fileRef = 7C8BD1E92586D87B004B8FCB /* PaddingExamples.swift */; };
		7CCEDEB62584933D00C72CB4 /* AppDelegate.swift in Sources */ = {isa = PBXBuildFile; fileRef = 7CCEDEB52584933D00C72CB4 /* AppDelegate.swift */; };
		7CCEDEB82584933D00C72CB4 /* SceneDelegate.swift in Sources */ = {isa = PBXBuildFile; fileRef = 7CCEDEB72584933D00C72CB4 /* SceneDelegate.swift */; };
		7CCEDEBA2584933D00C72CB4 /* ContentView.swift in Sources */ = {isa = PBXBuildFile; fileRef = 7CCEDEB92584933D00C72CB4 /* ContentView.swift */; };
		7CCEDEBC2584934100C72CB4 /* Assets.xcassets in Resources */ = {isa = PBXBuildFile; fileRef = 7CCEDEBB2584934100C72CB4 /* Assets.xcassets */; };
		7CCEDEBF2584934100C72CB4 /* Preview Assets.xcassets in Resources */ = {isa = PBXBuildFile; fileRef = 7CCEDEBE2584934100C72CB4 /* Preview Assets.xcassets */; };
		7CCEDEC22584934100C72CB4 /* LaunchScreen.storyboard in Resources */ = {isa = PBXBuildFile; fileRef = 7CCEDEC02584934100C72CB4 /* LaunchScreen.storyboard */; };
		7CCEDECC2584960000C72CB4 /* TitleView.swift in Sources */ = {isa = PBXBuildFile; fileRef = 7CCEDECB2584960000C72CB4 /* TitleView.swift */; };
		7CDE1B5E2586905E005CF81A /* ErrorTestView.swift in Sources */ = {isa = PBXBuildFile; fileRef = 7CDE1B5D2586905E005CF81A /* ErrorTestView.swift */; };
		7CDE1B842586B6EF005CF81A /* VStackExamples.swift in Sources */ = {isa = PBXBuildFile; fileRef = 7CDE1B832586B6EF005CF81A /* VStackExamples.swift */; };
		7CDE1B8A2586CD07005CF81A /* HStackExamples.swift in Sources */ = {isa = PBXBuildFile; fileRef = 7CDE1B892586CD06005CF81A /* HStackExamples.swift */; };
		7CDE1B8E2586CD2F005CF81A /* TextGroupExamples.swift in Sources */ = {isa = PBXBuildFile; fileRef = 7CDE1B8D2586CD2F005CF81A /* TextGroupExamples.swift */; };
		7CDE1B922586D091005CF81A /* ZStackExamples.swift in Sources */ = {isa = PBXBuildFile; fileRef = 7CDE1B912586D091005CF81A /* ZStackExamples.swift */; };
/* End PBXBuildFile section */

/* Begin PBXFileReference section */
		7C179C9C2585764D00E08533 /* MacProject.app */ = {isa = PBXFileReference; explicitFileType = wrapper.application; includeInIndex = 0; path = MacProject.app; sourceTree = BUILT_PRODUCTS_DIR; };
		7C179C9E2585764D00E08533 /* AppDelegate.swift */ = {isa = PBXFileReference; lastKnownFileType = sourcecode.swift; path = AppDelegate.swift; sourceTree = "<group>"; };
		7C179CA02585764D00E08533 /* ContentView.swift */ = {isa = PBXFileReference; lastKnownFileType = sourcecode.swift; path = ContentView.swift; sourceTree = "<group>"; };
		7C179CA22585765100E08533 /* Assets.xcassets */ = {isa = PBXFileReference; lastKnownFileType = folder.assetcatalog; path = Assets.xcassets; sourceTree = "<group>"; };
		7C179CA52585765200E08533 /* Preview Assets.xcassets */ = {isa = PBXFileReference; lastKnownFileType = folder.assetcatalog; path = "Preview Assets.xcassets"; sourceTree = "<group>"; };
		7C179CA82585765200E08533 /* Base */ = {isa = PBXFileReference; lastKnownFileType = file.storyboard; name = Base; path = Base.lproj/Main.storyboard; sourceTree = "<group>"; };
		7C179CAA2585765200E08533 /* Info.plist */ = {isa = PBXFileReference; lastKnownFileType = text.plist.xml; path = Info.plist; sourceTree = "<group>"; };
		7C179CAB2585765200E08533 /* MacProject.entitlements */ = {isa = PBXFileReference; lastKnownFileType = text.plist.entitlements; path = MacProject.entitlements; sourceTree = "<group>"; };
		7C179CB72585828900E08533 /* TestButton.swift */ = {isa = PBXFileReference; lastKnownFileType = sourcecode.swift; path = TestButton.swift; sourceTree = "<group>"; };
		7C8BD1E92586D87B004B8FCB /* PaddingExamples.swift */ = {isa = PBXFileReference; lastKnownFileType = sourcecode.swift; path = PaddingExamples.swift; sourceTree = "<group>"; };
		7CCEDEB22584933D00C72CB4 /* prater-swiftui-proj1.app */ = {isa = PBXFileReference; explicitFileType = wrapper.application; includeInIndex = 0; path = "prater-swiftui-proj1.app"; sourceTree = BUILT_PRODUCTS_DIR; };
		7CCEDEB52584933D00C72CB4 /* AppDelegate.swift */ = {isa = PBXFileReference; lastKnownFileType = sourcecode.swift; path = AppDelegate.swift; sourceTree = "<group>"; };
		7CCEDEB72584933D00C72CB4 /* SceneDelegate.swift */ = {isa = PBXFileReference; lastKnownFileType = sourcecode.swift; path = SceneDelegate.swift; sourceTree = "<group>"; };
		7CCEDEB92584933D00C72CB4 /* ContentView.swift */ = {isa = PBXFileReference; lastKnownFileType = sourcecode.swift; path = ContentView.swift; sourceTree = "<group>"; };
		7CCEDEBB2584934100C72CB4 /* Assets.xcassets */ = {isa = PBXFileReference; lastKnownFileType = folder.assetcatalog; path = Assets.xcassets; sourceTree = "<group>"; };
		7CCEDEBE2584934100C72CB4 /* Preview Assets.xcassets */ = {isa = PBXFileReference; lastKnownFileType = folder.assetcatalog; path = "Preview Assets.xcassets"; sourceTree = "<group>"; };
		7CCEDEC12584934100C72CB4 /* Base */ = {isa = PBXFileReference; lastKnownFileType = file.storyboard; name = Base; path = Base.lproj/LaunchScreen.storyboard; sourceTree = "<group>"; };
		7CCEDEC32584934100C72CB4 /* Info.plist */ = {isa = PBXFileReference; lastKnownFileType = text.plist.xml; path = Info.plist; sourceTree = "<group>"; };
		7CCEDECB2584960000C72CB4 /* TitleView.swift */ = {isa = PBXFileReference; lastKnownFileType = sourcecode.swift; path = TitleView.swift; sourceTree = "<group>"; };
		7CDE1B5D2586905E005CF81A /* ErrorTestView.swift */ = {isa = PBXFileReference; lastKnownFileType = sourcecode.swift; path = ErrorTestView.swift; sourceTree = "<group>"; };
		7CDE1B832586B6EF005CF81A /* VStackExamples.swift */ = {isa = PBXFileReference; lastKnownFileType = sourcecode.swift; path = VStackExamples.swift; sourceTree = "<group>"; };
		7CDE1B892586CD06005CF81A /* HStackExamples.swift */ = {isa = PBXFileReference; lastKnownFileType = sourcecode.swift; path = HStackExamples.swift; sourceTree = "<group>"; };
		7CDE1B8D2586CD2F005CF81A /* TextGroupExamples.swift */ = {isa = PBXFileReference; lastKnownFileType = sourcecode.swift; path = TextGroupExamples.swift; sourceTree = "<group>"; };
		7CDE1B912586D091005CF81A /* ZStackExamples.swift */ = {isa = PBXFileReference; lastKnownFileType = sourcecode.swift; path = ZStackExamples.swift; sourceTree = "<group>"; };
/* End PBXFileReference section */

/* Begin PBXFrameworksBuildPhase section */
		7C179C992585764D00E08533 /* Frameworks */ = {
			isa = PBXFrameworksBuildPhase;
			buildActionMask = 2147483647;
			files = (
			);
			runOnlyForDeploymentPostprocessing = 0;
		};
		7CCEDEAF2584933D00C72CB4 /* Frameworks */ = {
			isa = PBXFrameworksBuildPhase;
			buildActionMask = 2147483647;
			files = (
			);
			runOnlyForDeploymentPostprocessing = 0;
		};
/* End PBXFrameworksBuildPhase section */

/* Begin PBXGroup section */
		7C179C9D2585764D00E08533 /* MacProject */ = {
			isa = PBXGroup;
			children = (
				7C179C9E2585764D00E08533 /* AppDelegate.swift */,
				7C179CA02585764D00E08533 /* ContentView.swift */,
				7C179CA22585765100E08533 /* Assets.xcassets */,
				7C179CA72585765200E08533 /* Main.storyboard */,
				7C179CAA2585765200E08533 /* Info.plist */,
				7C179CAB2585765200E08533 /* MacProject.entitlements */,
				7C179CA42585765200E08533 /* Preview Content */,
			);
			path = MacProject;
			sourceTree = "<group>";
		};
		7C179CA42585765200E08533 /* Preview Content */ = {
			isa = PBXGroup;
			children = (
				7C179CA52585765200E08533 /* Preview Assets.xcassets */,
			);
			path = "Preview Content";
			sourceTree = "<group>";
		};
		7C179CB4258578B400E08533 /* Shared */ = {
			isa = PBXGroup;
			children = (
			);
			path = Shared;
			sourceTree = "<group>";
		};
		7CCEDEA92584933D00C72CB4 = {
			isa = PBXGroup;
			children = (
				7C179CB4258578B400E08533 /* Shared */,
				7CCEDEB42584933D00C72CB4 /* prater-swiftui-proj1 */,
				7C179C9D2585764D00E08533 /* MacProject */,
				7CCEDEB32584933D00C72CB4 /* Products */,
			);
			sourceTree = "<group>";
		};
		7CCEDEB32584933D00C72CB4 /* Products */ = {
			isa = PBXGroup;
			children = (
				7CCEDEB22584933D00C72CB4 /* prater-swiftui-proj1.app */,
				7C179C9C2585764D00E08533 /* MacProject.app */,
			);
			name = Products;
			sourceTree = "<group>";
		};
		7CCEDEB42584933D00C72CB4 /* prater-swiftui-proj1 */ = {
			isa = PBXGroup;
			children = (
				7CCEDEB52584933D00C72CB4 /* AppDelegate.swift */,
				7CCEDEB72584933D00C72CB4 /* SceneDelegate.swift */,
				7CCEDEB92584933D00C72CB4 /* ContentView.swift */,
				7CDE1B822586B6E0005CF81A /* layout */,
				7CCEDECA258495E700C72CB4 /* components */,
				7CCEDEBB2584934100C72CB4 /* Assets.xcassets */,
				7CCEDEC02584934100C72CB4 /* LaunchScreen.storyboard */,
				7CCEDEC32584934100C72CB4 /* Info.plist */,
				7CCEDEBD2584934100C72CB4 /* Preview Content */,
			);
			path = "prater-swiftui-proj1";
			sourceTree = "<group>";
		};
		7CCEDEBD2584934100C72CB4 /* Preview Content */ = {
			isa = PBXGroup;
			children = (
				7CCEDEBE2584934100C72CB4 /* Preview Assets.xcassets */,
			);
			path = "Preview Content";
			sourceTree = "<group>";
		};
		7CCEDECA258495E700C72CB4 /* components */ = {
			isa = PBXGroup;
			children = (
				7CCEDECB2584960000C72CB4 /* TitleView.swift */,
				7C179CB72585828900E08533 /* TestButton.swift */,
				7CDE1B5D2586905E005CF81A /* ErrorTestView.swift */,
			);
			path = components;
			sourceTree = "<group>";
		};
		7CDE1B822586B6E0005CF81A /* layout */ = {
			isa = PBXGroup;
			children = (
				7CDE1B832586B6EF005CF81A /* VStackExamples.swift */,
				7CDE1B892586CD06005CF81A /* HStackExamples.swift */,
				7CDE1B912586D091005CF81A /* ZStackExamples.swift */,
				7CDE1B8D2586CD2F005CF81A /* TextGroupExamples.swift */,
				7C8BD1E92586D87B004B8FCB /* PaddingExamples.swift */,
			);
			path = layout;
			sourceTree = "<group>";
		};
/* End PBXGroup section */

/* Begin PBXNativeTarget section */
		7C179C9B2585764D00E08533 /* MacProject */ = {
			isa = PBXNativeTarget;
			buildConfigurationList = 7C179CAE2585765200E08533 /* Build configuration list for PBXNativeTarget "MacProject" */;
			buildPhases = (
				7C179C982585764D00E08533 /* Sources */,
				7C179C992585764D00E08533 /* Frameworks */,
				7C179C9A2585764D00E08533 /* Resources */,
			);
			buildRules = (
			);
			dependencies = (
			);
			name = MacProject;
			productName = MacProject;
			productReference = 7C179C9C2585764D00E08533 /* MacProject.app */;
			productType = "com.apple.product-type.application";
		};
		7CCEDEB12584933D00C72CB4 /* prater-swiftui-proj1 */ = {
			isa = PBXNativeTarget;
			buildConfigurationList = 7CCEDEC62584934100C72CB4 /* Build configuration list for PBXNativeTarget "prater-swiftui-proj1" */;
			buildPhases = (
				7CCEDEAE2584933D00C72CB4 /* Sources */,
				7CCEDEAF2584933D00C72CB4 /* Frameworks */,
				7CCEDEB02584933D00C72CB4 /* Resources */,
			);
			buildRules = (
			);
			dependencies = (
			);
			name = "prater-swiftui-proj1";
			productName = "prater-swiftui-proj1";
			productReference = 7CCEDEB22584933D00C72CB4 /* prater-swiftui-proj1.app */;
			productType = "com.apple.product-type.application";
		};
/* End PBXNativeTarget section */

/* Begin PBXProject section */
		7CCEDEAA2584933D00C72CB4 /* Project object */ = {
			isa = PBXProject;
			attributes = {
				LastSwiftUpdateCheck = 1220;
				LastUpgradeCheck = 1220;
				TargetAttributes = {
					7C179C9B2585764D00E08533 = {
						CreatedOnToolsVersion = 12.2;
					};
					7CCEDEB12584933D00C72CB4 = {
						CreatedOnToolsVersion = 12.2;
					};
				};
			};
			buildConfigurationList = 7CCEDEAD2584933D00C72CB4 /* Build configuration list for PBXProject "prater-swiftui-proj1" */;
			compatibilityVersion = "Xcode 9.3";
			developmentRegion = en;
			hasScannedForEncodings = 0;
			knownRegions = (
				en,
				Base,
			);
			mainGroup = 7CCEDEA92584933D00C72CB4;
			productRefGroup = 7CCEDEB32584933D00C72CB4 /* Products */;
			projectDirPath = "";
			projectRoot = "";
			targets = (
				7CCEDEB12584933D00C72CB4 /* prater-swiftui-proj1 */,
				7C179C9B2585764D00E08533 /* MacProject */,
			);
		};
/* End PBXProject section */

/* Begin PBXResourcesBuildPhase section */
		7C179C9A2585764D00E08533 /* Resources */ = {
			isa = PBXResourcesBuildPhase;
			buildActionMask = 2147483647;
			files = (
				7C179CA92585765200E08533 /* Main.storyboard in Resources */,
				7C179CA62585765200E08533 /* Preview Assets.xcassets in Resources */,
				7C179CA32585765100E08533 /* Assets.xcassets in Resources */,
			);
			runOnlyForDeploymentPostprocessing = 0;
		};
		7CCEDEB02584933D00C72CB4 /* Resources */ = {
			isa = PBXResourcesBuildPhase;
			buildActionMask = 2147483647;
			files = (
				7CCEDEC22584934100C72CB4 /* LaunchScreen.storyboard in Resources */,
				7CCEDEBF2584934100C72CB4 /* Preview Assets.xcassets in Resources */,
				7CCEDEBC2584934100C72CB4 /* Assets.xcassets in Resources */,
			);
			runOnlyForDeploymentPostprocessing = 0;
		};
/* End PBXResourcesBuildPhase section */

/* Begin PBXSourcesBuildPhase section */
		7C179C982585764D00E08533 /* Sources */ = {
			isa = PBXSourcesBuildPhase;
			buildActionMask = 2147483647;
			files = (
				7C179CA12585764D00E08533 /* ContentView.swift in Sources */,
				7C179C9F2585764D00E08533 /* AppDelegate.swift in Sources */,
				7C179CB12585773800E08533 /* TitleView.swift in Sources */,
				7C179CBB258582AD00E08533 /* TestButton.swift in Sources */,
			);
			runOnlyForDeploymentPostprocessing = 0;
		};
		7CCEDEAE2584933D00C72CB4 /* Sources */ = {
			isa = PBXSourcesBuildPhase;
			buildActionMask = 2147483647;
			files = (
				7CDE1B922586D091005CF81A /* ZStackExamples.swift in Sources */,
				7C179CB82585828900E08533 /* TestButton.swift in Sources */,
				7CDE1B5E2586905E005CF81A /* ErrorTestView.swift in Sources */,
				7CCEDEB62584933D00C72CB4 /* AppDelegate.swift in Sources */,
				7CDE1B8E2586CD2F005CF81A /* TextGroupExamples.swift in Sources */,
				7CDE1B842586B6EF005CF81A /* VStackExamples.swift in Sources */,
				7C8BD1EA2586D87B004B8FCB /* PaddingExamples.swift in Sources */,
				7CDE1B8A2586CD07005CF81A /* HStackExamples.swift in Sources */,
				7CCEDEB82584933D00C72CB4 /* SceneDelegate.swift in Sources */,
				7CCEDEBA2584933D00C72CB4 /* ContentView.swift in Sources */,
				7CCEDECC2584960000C72CB4 /* TitleView.swift in Sources */,
			);
			runOnlyForDeploymentPostprocessing = 0;
		};
/* End PBXSourcesBuildPhase section */

/* Begin PBXVariantGroup section */
		7C179CA72585765200E08533 /* Main.storyboard */ = {
			isa = PBXVariantGroup;
			children = (
				7C179CA82585765200E08533 /* Base */,
			);
			name = Main.storyboard;
			sourceTree = "<group>";
		};
		7CCEDEC02584934100C72CB4 /* LaunchScreen.storyboard */ = {
			isa = PBXVariantGroup;
			children = (
				7CCEDEC12584934100C72CB4 /* Base */,
			);
			name = LaunchScreen.storyboard;
			sourceTree = "<group>";
		};
/* End PBXVariantGroup section */

/* Begin XCBuildConfiguration section */
		7C179CAC2585765200E08533 /* Debug */ = {
			isa = XCBuildConfiguration;
			buildSettings = {
				ASSETCATALOG_COMPILER_APPICON_NAME = AppIcon;
				ASSETCATALOG_COMPILER_GLOBAL_ACCENT_COLOR_NAME = AccentColor;
				CODE_SIGN_ENTITLEMENTS = MacProject/MacProject.entitlements;
				CODE_SIGN_STYLE = Automatic;
				COMBINE_HIDPI_IMAGES = YES;
				DEVELOPMENT_ASSET_PATHS = "\"MacProject/Preview Content\"";
				DEVELOPMENT_TEAM = G5Z45R4D8W;
				ENABLE_HARDENED_RUNTIME = YES;
				ENABLE_PREVIEWS = YES;
				INFOPLIST_FILE = MacProject/Info.plist;
				LD_RUNPATH_SEARCH_PATHS = (
					"$(inherited)",
					"@executable_path/../Frameworks",
				);
				MACOSX_DEPLOYMENT_TARGET = 11.0;
				PRODUCT_BUNDLE_IDENTIFIER = co.danah.MacProject;
				PRODUCT_NAME = "$(TARGET_NAME)";
				SDKROOT = macosx;
				SWIFT_VERSION = 5.0;
			};
			name = Debug;
		};
		7C179CAD2585765200E08533 /* Release */ = {
			isa = XCBuildConfiguration;
			buildSettings = {
				ASSETCATALOG_COMPILER_APPICON_NAME = AppIcon;
				ASSETCATALOG_COMPILER_GLOBAL_ACCENT_COLOR_NAME = AccentColor;
				CODE_SIGN_ENTITLEMENTS = MacProject/MacProject.entitlements;
				CODE_SIGN_STYLE = Automatic;
				COMBINE_HIDPI_IMAGES = YES;
				DEVELOPMENT_ASSET_PATHS = "\"MacProject/Preview Content\"";
				DEVELOPMENT_TEAM = G5Z45R4D8W;
				ENABLE_HARDENED_RUNTIME = YES;
				ENABLE_PREVIEWS = YES;
				INFOPLIST_FILE = MacProject/Info.plist;
				LD_RUNPATH_SEARCH_PATHS = (
					"$(inherited)",
					"@executable_path/../Frameworks",
				);
				MACOSX_DEPLOYMENT_TARGET = 11.0;
				PRODUCT_BUNDLE_IDENTIFIER = co.danah.MacProject;
				PRODUCT_NAME = "$(TARGET_NAME)";
				SDKROOT = macosx;
				SWIFT_VERSION = 5.0;
			};
			name = Release;
		};
		7CCEDEC42584934100C72CB4 /* Debug */ = {
			isa = XCBuildConfiguration;
			buildSettings = {
				ALWAYS_SEARCH_USER_PATHS = NO;
				CLANG_ANALYZER_NONNULL = YES;
				CLANG_ANALYZER_NUMBER_OBJECT_CONVERSION = YES_AGGRESSIVE;
				CLANG_CXX_LANGUAGE_STANDARD = "gnu++14";
				CLANG_CXX_LIBRARY = "libc++";
				CLANG_ENABLE_MODULES = YES;
				CLANG_ENABLE_OBJC_ARC = YES;
				CLANG_ENABLE_OBJC_WEAK = YES;
				CLANG_WARN_BLOCK_CAPTURE_AUTORELEASING = YES;
				CLANG_WARN_BOOL_CONVERSION = YES;
				CLANG_WARN_COMMA = YES;
				CLANG_WARN_CONSTANT_CONVERSION = YES;
				CLANG_WARN_DEPRECATED_OBJC_IMPLEMENTATIONS = YES;
				CLANG_WARN_DIRECT_OBJC_ISA_USAGE = YES_ERROR;
				CLANG_WARN_DOCUMENTATION_COMMENTS = YES;
				CLANG_WARN_EMPTY_BODY = YES;
				CLANG_WARN_ENUM_CONVERSION = YES;
				CLANG_WARN_INFINITE_RECURSION = YES;
				CLANG_WARN_INT_CONVERSION = YES;
				CLANG_WARN_NON_LITERAL_NULL_CONVERSION = YES;
				CLANG_WARN_OBJC_IMPLICIT_RETAIN_SELF = YES;
				CLANG_WARN_OBJC_LITERAL_CONVERSION = YES;
				CLANG_WARN_OBJC_ROOT_CLASS = YES_ERROR;
				CLANG_WARN_QUOTED_INCLUDE_IN_FRAMEWORK_HEADER = YES;
				CLANG_WARN_RANGE_LOOP_ANALYSIS = YES;
				CLANG_WARN_STRICT_PROTOTYPES = YES;
				CLANG_WARN_SUSPICIOUS_MOVE = YES;
				CLANG_WARN_UNGUARDED_AVAILABILITY = YES_AGGRESSIVE;
				CLANG_WARN_UNREACHABLE_CODE = YES;
				CLANG_WARN__DUPLICATE_METHOD_MATCH = YES;
				COPY_PHASE_STRIP = NO;
				DEBUG_INFORMATION_FORMAT = dwarf;
				ENABLE_STRICT_OBJC_MSGSEND = YES;
				ENABLE_TESTABILITY = YES;
				GCC_C_LANGUAGE_STANDARD = gnu11;
				GCC_DYNAMIC_NO_PIC = NO;
				GCC_NO_COMMON_BLOCKS = YES;
				GCC_OPTIMIZATION_LEVEL = 0;
				GCC_PREPROCESSOR_DEFINITIONS = (
					"DEBUG=1",
					"$(inherited)",
				);
				GCC_WARN_64_TO_32_BIT_CONVERSION = YES;
				GCC_WARN_ABOUT_RETURN_TYPE = YES_ERROR;
				GCC_WARN_UNDECLARED_SELECTOR = YES;
				GCC_WARN_UNINITIALIZED_AUTOS = YES_AGGRESSIVE;
				GCC_WARN_UNUSED_FUNCTION = YES;
				GCC_WARN_UNUSED_VARIABLE = YES;
				IPHONEOS_DEPLOYMENT_TARGET = 14.2;
				MTL_ENABLE_DEBUG_INFO = INCLUDE_SOURCE;
				MTL_FAST_MATH = YES;
				ONLY_ACTIVE_ARCH = YES;
				SDKROOT = iphoneos;
				SWIFT_ACTIVE_COMPILATION_CONDITIONS = DEBUG;
				SWIFT_OPTIMIZATION_LEVEL = "-Onone";
			};
			name = Debug;
		};
		7CCEDEC52584934100C72CB4 /* Release */ = {
			isa = XCBuildConfiguration;
			buildSettings = {
				ALWAYS_SEARCH_USER_PATHS = NO;
				CLANG_ANALYZER_NONNULL = YES;
				CLANG_ANALYZER_NUMBER_OBJECT_CONVERSION = YES_AGGRESSIVE;
				CLANG_CXX_LANGUAGE_STANDARD = "gnu++14";
				CLANG_CXX_LIBRARY = "libc++";
				CLANG_ENABLE_MODULES = YES;
				CLANG_ENABLE_OBJC_ARC = YES;
				CLANG_ENABLE_OBJC_WEAK = YES;
				CLANG_WARN_BLOCK_CAPTURE_AUTORELEASING = YES;
				CLANG_WARN_BOOL_CONVERSION = YES;
				CLANG_WARN_COMMA = YES;
				CLANG_WARN_CONSTANT_CONVERSION = YES;
				CLANG_WARN_DEPRECATED_OBJC_IMPLEMENTATIONS = YES;
				CLANG_WARN_DIRECT_OBJC_ISA_USAGE = YES_ERROR;
				CLANG_WARN_DOCUMENTATION_COMMENTS = YES;
				CLANG_WARN_EMPTY_BODY = YES;
				CLANG_WARN_ENUM_CONVERSION = YES;
				CLANG_WARN_INFINITE_RECURSION = YES;
				CLANG_WARN_INT_CONVERSION = YES;
				CLANG_WARN_NON_LITERAL_NULL_CONVERSION = YES;
				CLANG_WARN_OBJC_IMPLICIT_RETAIN_SELF = YES;
				CLANG_WARN_OBJC_LITERAL_CONVERSION = YES;
				CLANG_WARN_OBJC_ROOT_CLASS = YES_ERROR;
				CLANG_WARN_QUOTED_INCLUDE_IN_FRAMEWORK_HEADER = YES;
				CLANG_WARN_RANGE_LOOP_ANALYSIS = YES;
				CLANG_WARN_STRICT_PROTOTYPES = YES;
				CLANG_WARN_SUSPICIOUS_MOVE = YES;
				CLANG_WARN_UNGUARDED_AVAILABILITY = YES_AGGRESSIVE;
				CLANG_WARN_UNREACHABLE_CODE = YES;
				CLANG_WARN__DUPLICATE_METHOD_MATCH = YES;
				COPY_PHASE_STRIP = NO;
				DEBUG_INFORMATION_FORMAT = "dwarf-with-dsym";
				ENABLE_NS_ASSERTIONS = NO;
				ENABLE_STRICT_OBJC_MSGSEND = YES;
				GCC_C_LANGUAGE_STANDARD = gnu11;
				GCC_NO_COMMON_BLOCKS = YES;
				GCC_WARN_64_TO_32_BIT_CONVERSION = YES;
				GCC_WARN_ABOUT_RETURN_TYPE = YES_ERROR;
				GCC_WARN_UNDECLARED_SELECTOR = YES;
				GCC_WARN_UNINITIALIZED_AUTOS = YES_AGGRESSIVE;
				GCC_WARN_UNUSED_FUNCTION = YES;
				GCC_WARN_UNUSED_VARIABLE = YES;
				IPHONEOS_DEPLOYMENT_TARGET = 14.2;
				MTL_ENABLE_DEBUG_INFO = NO;
				MTL_FAST_MATH = YES;
				SDKROOT = iphoneos;
				SWIFT_COMPILATION_MODE = wholemodule;
				SWIFT_OPTIMIZATION_LEVEL = "-O";
				VALIDATE_PRODUCT = YES;
			};
			name = Release;
		};
		7CCEDEC72584934100C72CB4 /* Debug */ = {
			isa = XCBuildConfiguration;
			buildSettings = {
				ASSETCATALOG_COMPILER_APPICON_NAME = AppIcon;
				ASSETCATALOG_COMPILER_GLOBAL_ACCENT_COLOR_NAME = AccentColor;
				CODE_SIGN_STYLE = Automatic;
				DEVELOPMENT_ASSET_PATHS = "\"prater-swiftui-proj1/Preview Content\"";
				DEVELOPMENT_TEAM = G5Z45R4D8W;
				ENABLE_PREVIEWS = YES;
				INFOPLIST_FILE = "prater-swiftui-proj1/Info.plist";
				LD_RUNPATH_SEARCH_PATHS = (
					"$(inherited)",
					"@executable_path/Frameworks",
				);
				PRODUCT_BUNDLE_IDENTIFIER = "co.danah.prater-swiftui-proj1";
				PRODUCT_NAME = "$(TARGET_NAME)";
				SWIFT_VERSION = 5.0;
				TARGETED_DEVICE_FAMILY = "1,2";
			};
			name = Debug;
		};
		7CCEDEC82584934100C72CB4 /* Release */ = {
			isa = XCBuildConfiguration;
			buildSettings = {
				ASSETCATALOG_COMPILER_APPICON_NAME = AppIcon;
				ASSETCATALOG_COMPILER_GLOBAL_ACCENT_COLOR_NAME = AccentColor;
				CODE_SIGN_STYLE = Automatic;
				DEVELOPMENT_ASSET_PATHS = "\"prater-swiftui-proj1/Preview Content\"";
				DEVELOPMENT_TEAM = G5Z45R4D8W;
				ENABLE_PREVIEWS = YES;
				INFOPLIST_FILE = "prater-swiftui-proj1/Info.plist";
				LD_RUNPATH_SEARCH_PATHS = (
					"$(inherited)",
					"@executable_path/Frameworks",
				);
				PRODUCT_BUNDLE_IDENTIFIER = "co.danah.prater-swiftui-proj1";
				PRODUCT_NAME = "$(TARGET_NAME)";
				SWIFT_VERSION = 5.0;
				TARGETED_DEVICE_FAMILY = "1,2";
			};
			name = Release;
		};
/* End XCBuildConfiguration section */

/* Begin XCConfigurationList section */
		7C179CAE2585765200E08533 /* Build configuration list for PBXNativeTarget "MacProject" */ = {
			isa = XCConfigurationList;
			buildConfigurations = (
				7C179CAC2585765200E08533 /* Debug */,
				7C179CAD2585765200E08533 /* Release */,
			);
			defaultConfigurationIsVisible = 0;
			defaultConfigurationName = Release;
		};
		7CCEDEAD2584933D00C72CB4 /* Build configuration list for PBXProject "prater-swiftui-proj1" */ = {
			isa = XCConfigurationList;
			buildConfigurations = (
				7CCEDEC42584934100C72CB4 /* Debug */,
				7CCEDEC52584934100C72CB4 /* Release */,
			);
			defaultConfigurationIsVisible = 0;
			defaultConfigurationName = Release;
		};
		7CCEDEC62584934100C72CB4 /* Build configuration list for PBXNativeTarget "prater-swiftui-proj1" */ = {
			isa = XCConfigurationList;
			buildConfigurations = (
				7CCEDEC72584934100C72CB4 /* Debug */,
				7CCEDEC82584934100C72CB4 /* Release */,
			);
			defaultConfigurationIsVisible = 0;
			defaultConfigurationName = Release;
		};
/* End XCConfigurationList section */
	};
	rootObject = 7CCEDEAA2584933D00C72CB4 /* Project object */;
}
